
Microsoft Visual Studio Solution File, Format Version 12.00
# Visual Studio Version 16
VisualStudioVersion = 16.0.31025.194
MinimumVisualStudioVersion = 10.0.40219.1
Project("{FAE04EC0-301F-11D3-BF4B-00C04F79EFBC}") = "ServiceRest_20190140072_AnisaNurfadila", "ServiceRest_20190140072_AnisaNurfadila\ServiceRest_20190140072_AnisaNurfadila.csproj", "{7AB18854-DC7D-4396-A235-7B559459AC5C}"
EndProject
Global
	GlobalSection(SolutionConfigurationPlatforms) = preSolution
		Debug|Any CPU = Debug|Any CPU
		Release|Any CPU = Release|Any CPU
	EndGlobalSection
	GlobalSection(ProjectConfigurationPlatforms) = postSolution
		{7AB18854-DC7D-4396-A235-7B559459AC5C}.Debug|Any CPU.ActiveCfg = Debug|Any CPU
		{7AB18854-DC7D-4396-A235-7B559459AC5C}.Debug|Any CPU.Build.0 = Debug|Any CPU
		{7AB18854-DC7D-4396-A235-7B559459AC5C}.Release|Any CPU.ActiveCfg = Release|Any CPU
		{7AB18854-DC7D-4396-A235-7B559459AC5C}.Release|Any CPU.Build.0 = Release|Any CPU
	EndGlobalSection
	GlobalSection(SolutionProperties) = preSolution
		HideSolutionNode = FALSE
	EndGlobalSection
	GlobalSection(ExtensibilityGlobals) = postSolution
		SolutionGuid = {396C51BA-444C-48B8-A587-0943DAF66BB7}
	EndGlobalSection
EndGlobal
